
Microsoft Visual Studio Solution File, Format Version 12.00
# Visual Studio Version 16
VisualStudioVersion = 16.0.30114.105
MinimumVisualStudioVersion = 10.0.40219.1
Project("{FAE04EC0-301F-11D3-BF4B-00C04F79EFBC}") = "LeaveManagementSystem", "LeaveManagementSystem\LeaveManagementSystem.csproj", "{4AF63B8B-9A0E-415C-B00C-946377DD323D}"
EndProject
Global
	GlobalSection(SolutionConfigurationPlatforms) = preSolution
		Debug|Any CPU = Debug|Any CPU
		Release|Any CPU = Release|Any CPU
	EndGlobalSection
	GlobalSection(ProjectConfigurationPlatforms) = postSolution
		{4AF63B8B-9A0E-415C-B00C-946377DD323D}.Debug|Any CPU.ActiveCfg = Debug|Any CPU
		{4AF63B8B-9A0E-415C-B00C-946377DD323D}.Debug|Any CPU.Build.0 = Debug|Any CPU
		{4AF63B8B-9A0E-415C-B00C-946377DD323D}.Release|Any CPU.ActiveCfg = Release|Any CPU
		{4AF63B8B-9A0E-415C-B00C-946377DD323D}.Release|Any CPU.Build.0 = Release|Any CPU
	EndGlobalSection
	GlobalSection(SolutionProperties) = preSolution
		HideSolutionNode = FALSE
	EndGlobalSection
	GlobalSection(ExtensibilityGlobals) = postSolution
		SolutionGuid = {BB1FDF35-BBBA-42CC-AB6C-73EE92EF58FF}
	EndGlobalSection
EndGlobal
